
Microsoft Visual Studio Solution File, Format Version 12.00
# Visual Studio Version 17
VisualStudioVersion = 17.9.34701.34
MinimumVisualStudioVersion = 10.0.40219.1
Project("{9A19103F-16F7-4668-BE54-9A1E7A4F7556}") = "School_Management_Template", "School_Management_Template\School_Management_Template.csproj", "{239B52A0-B521-4D9C-9296-83BC87D8F1F5}"
EndProject
Global
	GlobalSection(SolutionConfigurationPlatforms) = preSolution
		Debug|Any CPU = Debug|Any CPU
		Release|Any CPU = Release|Any CPU
	EndGlobalSection
	GlobalSection(ProjectConfigurationPlatforms) = postSolution
		{239B52A0-B521-4D9C-9296-83BC87D8F1F5}.Debug|Any CPU.ActiveCfg = Debug|Any CPU
		{239B52A0-B521-4D9C-9296-83BC87D8F1F5}.Debug|Any CPU.Build.0 = Debug|Any CPU
		{239B52A0-B521-4D9C-9296-83BC87D8F1F5}.Release|Any CPU.ActiveCfg = Release|Any CPU
		{239B52A0-B521-4D9C-9296-83BC87D8F1F5}.Release|Any CPU.Build.0 = Release|Any CPU
	EndGlobalSection
	GlobalSection(SolutionProperties) = preSolution
		HideSolutionNode = FALSE
	EndGlobalSection
	GlobalSection(ExtensibilityGlobals) = postSolution
		SolutionGuid = {3065331F-9940-4DB9-8C32-337CD062ADE0}
	EndGlobalSection
EndGlobal
